{
  "object": {
    "pins": [
      {
        "package": "SDWebImage",
        "repositoryURL": "https://github.com/SDWebImage/SDWebImage.git",
        "state": {
          "branch": null,
          "revision": "3e48cb68d8e668d146dc59c73fb98cb628616236",
          "version": "5.13.2"
        }
      },
      {
        "package": "svgnative",
        "repositoryURL": "https://github.com/SDWebImage/svgnative-Xcode.git",
        "state": {
          "branch": null,
          "revision": "de560bb9f69bc89f4624855998148eb6e0bb8e60",
          "version": "0.1.0"
        }
      }
    ]
  },
  "version": 1
}
